// !$*UTF8*$!
{
	archiveVersion = 1;
	classes = {
	};
	objectVersion = 56;
	objects = {

/* Begin PBXBuildFile section */
		B55431572BCBCA110064B813 /* AppDelegate.swift in Sources */ = {isa = PBXBuildFile; fileRef = B55431562BCBCA110064B813 /* AppDelegate.swift */; };
		B55431592BCBCA110064B813 /* SceneDelegate.swift in Sources */ = {isa = PBXBuildFile; fileRef = B55431582BCBCA110064B813 /* SceneDelegate.swift */; };
		B554315B2BCBCA110064B813 /* ViewController.swift in Sources */ = {isa = PBXBuildFile; fileRef = B554315A2BCBCA110064B813 /* ViewController.swift */; };
		B55431602BCBCA130064B813 /* Assets.xcassets in Resources */ = {isa = PBXBuildFile; fileRef = B554315F2BCBCA130064B813 /* Assets.xcassets */; };
		B55431632BCBCA130064B813 /* Base in Resources */ = {isa = PBXBuildFile; fileRef = B55431622BCBCA130064B813 /* Base */; };
		B554316E2BCBCA130064B813 /* ShowMoneyTests.swift in Sources */ = {isa = PBXBuildFile; fileRef = B554316D2BCBCA130064B813 /* ShowMoneyTests.swift */; };
		B55431782BCBCA130064B813 /* ShowMoneyUITests.swift in Sources */ = {isa = PBXBuildFile; fileRef = B55431772BCBCA130064B813 /* ShowMoneyUITests.swift */; };
		B554317A2BCBCA130064B813 /* ShowMoneyUITestsLaunchTests.swift in Sources */ = {isa = PBXBuildFile; fileRef = B55431792BCBCA130064B813 /* ShowMoneyUITestsLaunchTests.swift */; };
/* End PBXBuildFile section */

/* Begin PBXContainerItemProxy section */
		B554316A2BCBCA130064B813 /* PBXContainerItemProxy */ = {
			isa = PBXContainerItemProxy;
			containerPortal = B554314B2BCBCA110064B813 /* Project object */;
			proxyType = 1;
			remoteGlobalIDString = B55431522BCBCA110064B813;
			remoteInfo = ShowMoney;
		};
		B55431742BCBCA130064B813 /* PBXContainerItemProxy */ = {
			isa = PBXContainerItemProxy;
			containerPortal = B554314B2BCBCA110064B813 /* Project object */;
			proxyType = 1;
			remoteGlobalIDString = B55431522BCBCA110064B813;
			remoteInfo = ShowMoney;
		};
/* End PBXContainerItemProxy section */

/* Begin PBXFileReference section */
		B55431532BCBCA110064B813 /* ShowMoney.app */ = {isa = PBXFileReference; explicitFileType = wrapper.application; includeInIndex = 0; path = ShowMoney.app; sourceTree = BUILT_PRODUCTS_DIR; };
		B55431562BCBCA110064B813 /* AppDelegate.swift */ = {isa = PBXFileReference; lastKnownFileType = sourcecode.swift; path = AppDelegate.swift; sourceTree = "<group>"; };
		B55431582BCBCA110064B813 /* SceneDelegate.swift */ = {isa = PBXFileReference; lastKnownFileType = sourcecode.swift; path = SceneDelegate.swift; sourceTree = "<group>"; };
		B554315A2BCBCA110064B813 /* ViewController.swift */ = {isa = PBXFileReference; lastKnownFileType = sourcecode.swift; path = ViewController.swift; sourceTree = "<group>"; };
		B554315F2BCBCA130064B813 /* Assets.xcassets */ = {isa = PBXFileReference; lastKnownFileType = folder.assetcatalog; path = Assets.xcassets; sourceTree = "<group>"; };
		B55431622BCBCA130064B813 /* Base */ = {isa = PBXFileReference; lastKnownFileType = file.storyboard; name = Base; path = Base.lproj/LaunchScreen.storyboard; sourceTree = "<group>"; };
		B55431642BCBCA130064B813 /* Info.plist */ = {isa = PBXFileReference; lastKnownFileType = text.plist.xml; path = Info.plist; sourceTree = "<group>"; };
		B55431692BCBCA130064B813 /* ShowMoneyTests.xctest */ = {isa = PBXFileReference; explicitFileType = wrapper.cfbundle; includeInIndex = 0; path = ShowMoneyTests.xctest; sourceTree = BUILT_PRODUCTS_DIR; };
		B554316D2BCBCA130064B813 /* ShowMoneyTests.swift */ = {isa = PBXFileReference; lastKnownFileType = sourcecode.swift; path = ShowMoneyTests.swift; sourceTree = "<group>"; };
		B55431732BCBCA130064B813 /* ShowMoneyUITests.xctest */ = {isa = PBXFileReference; explicitFileType = wrapper.cfbundle; includeInIndex = 0; path = ShowMoneyUITests.xctest; sourceTree = BUILT_PRODUCTS_DIR; };
		B55431772BCBCA130064B813 /* ShowMoneyUITests.swift */ = {isa = PBXFileReference; lastKnownFileType = sourcecode.swift; path = ShowMoneyUITests.swift; sourceTree = "<group>"; };
		B55431792BCBCA130064B813 /* ShowMoneyUITestsLaunchTests.swift */ = {isa = PBXFileReference; lastKnownFileType = sourcecode.swift; path = ShowMoneyUITestsLaunchTests.swift; sourceTree = "<group>"; };
/* End PBXFileReference section */

/* Begin PBXFrameworksBuildPhase section */
		B55431502BCBCA110064B813 /* Frameworks */ = {
			isa = PBXFrameworksBuildPhase;
			buildActionMask = 2147483647;
			files = (
			);
			runOnlyForDeploymentPostprocessing = 0;
		};
		B55431662BCBCA130064B813 /* Frameworks */ = {
			isa = PBXFrameworksBuildPhase;
			buildActionMask = 2147483647;
			files = (
			);
			runOnlyForDeploymentPostprocessing = 0;
		};
		B55431702BCBCA130064B813 /* Frameworks */ = {
			isa = PBXFrameworksBuildPhase;
			buildActionMask = 2147483647;
			files = (
			);
			runOnlyForDeploymentPostprocessing = 0;
		};
/* End PBXFrameworksBuildPhase section */

/* Begin PBXGroup section */
		B554314A2BCBCA110064B813 = {
			isa = PBXGroup;
			children = (
				B55431552BCBCA110064B813 /* ShowMoney */,
				B554316C2BCBCA130064B813 /* ShowMoneyTests */,
				B55431762BCBCA130064B813 /* ShowMoneyUITests */,
				B55431542BCBCA110064B813 /* Products */,
			);
			sourceTree = "<group>";
		};
		B55431542BCBCA110064B813 /* Products */ = {
			isa = PBXGroup;
			children = (
				B55431532BCBCA110064B813 /* ShowMoney.app */,
				B55431692BCBCA130064B813 /* ShowMoneyTests.xctest */,
				B55431732BCBCA130064B813 /* ShowMoneyUITests.xctest */,
			);
			name = Products;
			sourceTree = "<group>";
		};
		B55431552BCBCA110064B813 /* ShowMoney */ = {
			isa = PBXGroup;
			children = (
				B55431562BCBCA110064B813 /* AppDelegate.swift */,
				B55431582BCBCA110064B813 /* SceneDelegate.swift */,
				B554315A2BCBCA110064B813 /* ViewController.swift */,
				B554315F2BCBCA130064B813 /* Assets.xcassets */,
				B55431612BCBCA130064B813 /* LaunchScreen.storyboard */,
				B55431642BCBCA130064B813 /* Info.plist */,
			);
			path = ShowMoney;
			sourceTree = "<group>";
		};
		B554316C2BCBCA130064B813 /* ShowMoneyTests */ = {
			isa = PBXGroup;
			children = (
				B554316D2BCBCA130064B813 /* ShowMoneyTests.swift */,
			);
			path = ShowMoneyTests;
			sourceTree = "<group>";
		};
		B55431762BCBCA130064B813 /* ShowMoneyUITests */ = {
			isa = PBXGroup;
			children = (
				B55431772BCBCA130064B813 /* ShowMoneyUITests.swift */,
				B55431792BCBCA130064B813 /* ShowMoneyUITestsLaunchTests.swift */,
			);
			path = ShowMoneyUITests;
			sourceTree = "<group>";
		};
/* End PBXGroup section */

/* Begin PBXNativeTarget section */
		B55431522BCBCA110064B813 /* ShowMoney */ = {
			isa = PBXNativeTarget;
			buildConfigurationList = B554317D2BCBCA130064B813 /* Build configuration list for PBXNativeTarget "ShowMoney" */;
			buildPhases = (
				B554314F2BCBCA110064B813 /* Sources */,
				B55431502BCBCA110064B813 /* Frameworks */,
				B55431512BCBCA110064B813 /* Resources */,
			);
			buildRules = (
			);
			dependencies = (
			);
			name = ShowMoney;
			productName = ShowMoney;
			productReference = B55431532BCBCA110064B813 /* ShowMoney.app */;
			productType = "com.apple.product-type.application";
		};
		B55431682BCBCA130064B813 /* ShowMoneyTests */ = {
			isa = PBXNativeTarget;
			buildConfigurationList = B55431802BCBCA130064B813 /* Build configuration list for PBXNativeTarget "ShowMoneyTests" */;
			buildPhases = (
				B55431652BCBCA130064B813 /* Sources */,
				B55431662BCBCA130064B813 /* Frameworks */,
				B55431672BCBCA130064B813 /* Resources */,
			);
			buildRules = (
			);
			dependencies = (
				B554316B2BCBCA130064B813 /* PBXTargetDependency */,
			);
			name = ShowMoneyTests;
			productName = ShowMoneyTests;
			productReference = B55431692BCBCA130064B813 /* ShowMoneyTests.xctest */;
			productType = "com.apple.product-type.bundle.unit-test";
		};
		B55431722BCBCA130064B813 /* ShowMoneyUITests */ = {
			isa = PBXNativeTarget;
			buildConfigurationList = B55431832BCBCA130064B813 /* Build configuration list for PBXNativeTarget "ShowMoneyUITests" */;
			buildPhases = (
				B554316F2BCBCA130064B813 /* Sources */,
				B55431702BCBCA130064B813 /* Frameworks */,
				B55431712BCBCA130064B813 /* Resources */,
			);
			buildRules = (
			);
			dependencies = (
				B55431752BCBCA130064B813 /* PBXTargetDependency */,
			);
			name = ShowMoneyUITests;
			productName = ShowMoneyUITests;
			productReference = B55431732BCBCA130064B813 /* ShowMoneyUITests.xctest */;
			productType = "com.apple.product-type.bundle.ui-testing";
		};
/* End PBXNativeTarget section */

/* Begin PBXProject section */
		B554314B2BCBCA110064B813 /* Project object */ = {
			isa = PBXProject;
			attributes = {
				BuildIndependentTargetsInParallel = 1;
				LastSwiftUpdateCheck = 1530;
				LastUpgradeCheck = 1530;
				TargetAttributes = {
					B55431522BCBCA110064B813 = {
						CreatedOnToolsVersion = 15.3;
					};
					B55431682BCBCA130064B813 = {
						CreatedOnToolsVersion = 15.3;
						TestTargetID = B55431522BCBCA110064B813;
					};
					B55431722BCBCA130064B813 = {
						CreatedOnToolsVersion = 15.3;
						TestTargetID = B55431522BCBCA110064B813;
					};
				};
			};
			buildConfigurationList = B554314E2BCBCA110064B813 /* Build configuration list for PBXProject "ShowMoney" */;
			compatibilityVersion = "Xcode 14.0";
			developmentRegion = en;
			hasScannedForEncodings = 0;
			knownRegions = (
				en,
				Base,
			);
			mainGroup = B554314A2BCBCA110064B813;
			productRefGroup = B55431542BCBCA110064B813 /* Products */;
			projectDirPath = "";
			projectRoot = "";
			targets = (
				B55431522BCBCA110064B813 /* ShowMoney */,
				B55431682BCBCA130064B813 /* ShowMoneyTests */,
				B55431722BCBCA130064B813 /* ShowMoneyUITests */,
			);
		};
/* End PBXProject section */

/* Begin PBXResourcesBuildPhase section */
		B55431512BCBCA110064B813 /* Resources */ = {
			isa = PBXResourcesBuildPhase;
			buildActionMask = 2147483647;
			files = (
				B55431602BCBCA130064B813 /* Assets.xcassets in Resources */,
				B55431632BCBCA130064B813 /* Base in Resources */,
			);
			runOnlyForDeploymentPostprocessing = 0;
		};
		B55431672BCBCA130064B813 /* Resources */ = {
			isa = PBXResourcesBuildPhase;
			buildActionMask = 2147483647;
			files = (
			);
			runOnlyForDeploymentPostprocessing = 0;
		};
		B55431712BCBCA130064B813 /* Resources */ = {
			isa = PBXResourcesBuildPhase;
			buildActionMask = 2147483647;
			files = (
			);
			runOnlyForDeploymentPostprocessing = 0;
		};
/* End PBXResourcesBuildPhase section */

/* Begin PBXSourcesBuildPhase section */
		B554314F2BCBCA110064B813 /* Sources */ = {
			isa = PBXSourcesBuildPhase;
			buildActionMask = 2147483647;
			files = (
				B554315B2BCBCA110064B813 /* ViewController.swift in Sources */,
				B55431572BCBCA110064B813 /* AppDelegate.swift in Sources */,
				B55431592BCBCA110064B813 /* SceneDelegate.swift in Sources */,
			);
			runOnlyForDeploymentPostprocessing = 0;
		};
		B55431652BCBCA130064B813 /* Sources */ = {
			isa = PBXSourcesBuildPhase;
			buildActionMask = 2147483647;
			files = (
				B554316E2BCBCA130064B813 /* ShowMoneyTests.swift in Sources */,
			);
			runOnlyForDeploymentPostprocessing = 0;
		};
		B554316F2BCBCA130064B813 /* Sources */ = {
			isa = PBXSourcesBuildPhase;
			buildActionMask = 2147483647;
			files = (
				B554317A2BCBCA130064B813 /* ShowMoneyUITestsLaunchTests.swift in Sources */,
				B55431782BCBCA130064B813 /* ShowMoneyUITests.swift in Sources */,
			);
			runOnlyForDeploymentPostprocessing = 0;
		};
/* End PBXSourcesBuildPhase section */

/* Begin PBXTargetDependency section */
		B554316B2BCBCA130064B813 /* PBXTargetDependency */ = {
			isa = PBXTargetDependency;
			target = B55431522BCBCA110064B813 /* ShowMoney */;
			targetProxy = B554316A2BCBCA130064B813 /* PBXContainerItemProxy */;
		};
		B55431752BCBCA130064B813 /* PBXTargetDependency */ = {
			isa = PBXTargetDependency;
			target = B55431522BCBCA110064B813 /* ShowMoney */;
			targetProxy = B55431742BCBCA130064B813 /* PBXContainerItemProxy */;
		};
/* End PBXTargetDependency section */

/* Begin PBXVariantGroup section */
		B55431612BCBCA130064B813 /* LaunchScreen.storyboard */ = {
			isa = PBXVariantGroup;
			children = (
				B55431622BCBCA130064B813 /* Base */,
			);
			name = LaunchScreen.storyboard;
			sourceTree = "<group>";
		};
/* End PBXVariantGroup section */

/* Begin XCBuildConfiguration section */
		B554317B2BCBCA130064B813 /* Debug */ = {
			isa = XCBuildConfiguration;
			buildSettings = {
				ALWAYS_SEARCH_USER_PATHS = NO;
				ASSETCATALOG_COMPILER_GENERATE_SWIFT_ASSET_SYMBOL_EXTENSIONS = YES;
				CLANG_ANALYZER_NONNULL = YES;
				CLANG_ANALYZER_NUMBER_OBJECT_CONVERSION = YES_AGGRESSIVE;
				CLANG_CXX_LANGUAGE_STANDARD = "gnu++20";
				CLANG_ENABLE_MODULES = YES;
				CLANG_ENABLE_OBJC_ARC = YES;
				CLANG_ENABLE_OBJC_WEAK = YES;
				CLANG_WARN_BLOCK_CAPTURE_AUTORELEASING = YES;
				CLANG_WARN_BOOL_CONVERSION = YES;
				CLANG_WARN_COMMA = YES;
				CLANG_WARN_CONSTANT_CONVERSION = YES;
				CLANG_WARN_DEPRECATED_OBJC_IMPLEMENTATIONS = YES;
				CLANG_WARN_DIRECT_OBJC_ISA_USAGE = YES_ERROR;
				CLANG_WARN_DOCUMENTATION_COMMENTS = YES;
				CLANG_WARN_EMPTY_BODY = YES;
				CLANG_WARN_ENUM_CONVERSION = YES;
				CLANG_WARN_INFINITE_RECURSION = YES;
				CLANG_WARN_INT_CONVERSION = YES;
				CLANG_WARN_NON_LITERAL_NULL_CONVERSION = YES;
				CLANG_WARN_OBJC_IMPLICIT_RETAIN_SELF = YES;
				CLANG_WARN_OBJC_LITERAL_CONVERSION = YES;
				CLANG_WARN_OBJC_ROOT_CLASS = YES_ERROR;
				CLANG_WARN_QUOTED_INCLUDE_IN_FRAMEWORK_HEADER = YES;
				CLANG_WARN_RANGE_LOOP_ANALYSIS = YES;
				CLANG_WARN_STRICT_PROTOTYPES = YES;
				CLANG_WARN_SUSPICIOUS_MOVE = YES;
				CLANG_WARN_UNGUARDED_AVAILABILITY = YES_AGGRESSIVE;
				CLANG_WARN_UNREACHABLE_CODE = YES;
				CLANG_WARN__DUPLICATE_METHOD_MATCH = YES;
				COPY_PHASE_STRIP = NO;
				DEBUG_INFORMATION_FORMAT = dwarf;
				ENABLE_STRICT_OBJC_MSGSEND = YES;
				ENABLE_TESTABILITY = YES;
				ENABLE_USER_SCRIPT_SANDBOXING = YES;
				GCC_C_LANGUAGE_STANDARD = gnu17;
				GCC_DYNAMIC_NO_PIC = NO;
				GCC_NO_COMMON_BLOCKS = YES;
				GCC_OPTIMIZATION_LEVEL = 0;
				GCC_PREPROCESSOR_DEFINITIONS = (
					"DEBUG=1",
					"$(inherited)",
				);
				GCC_WARN_64_TO_32_BIT_CONVERSION = YES;
				GCC_WARN_ABOUT_RETURN_TYPE = YES_ERROR;
				GCC_WARN_UNDECLARED_SELECTOR = YES;
				GCC_WARN_UNINITIALIZED_AUTOS = YES_AGGRESSIVE;
				GCC_WARN_UNUSED_FUNCTION = YES;
				GCC_WARN_UNUSED_VARIABLE = YES;
				IPHONEOS_DEPLOYMENT_TARGET = 17.4;
				LOCALIZATION_PREFERS_STRING_CATALOGS = YES;
				MTL_ENABLE_DEBUG_INFO = INCLUDE_SOURCE;
				MTL_FAST_MATH = YES;
				ONLY_ACTIVE_ARCH = YES;
				SDKROOT = iphoneos;
				SWIFT_ACTIVE_COMPILATION_CONDITIONS = "DEBUG $(inherited)";
				SWIFT_OPTIMIZATION_LEVEL = "-Onone";
			};
			name = Debug;
		};
		B554317C2BCBCA130064B813 /* Release */ = {
			isa = XCBuildConfiguration;
			buildSettings = {
				ALWAYS_SEARCH_USER_PATHS = NO;
				ASSETCATALOG_COMPILER_GENERATE_SWIFT_ASSET_SYMBOL_EXTENSIONS = YES;
				CLANG_ANALYZER_NONNULL = YES;
				CLANG_ANALYZER_NUMBER_OBJECT_CONVERSION = YES_AGGRESSIVE;
				CLANG_CXX_LANGUAGE_STANDARD = "gnu++20";
				CLANG_ENABLE_MODULES = YES;
				CLANG_ENABLE_OBJC_ARC = YES;
				CLANG_ENABLE_OBJC_WEAK = YES;
				CLANG_WARN_BLOCK_CAPTURE_AUTORELEASING = YES;
				CLANG_WARN_BOOL_CONVERSION = YES;
				CLANG_WARN_COMMA = YES;
				CLANG_WARN_CONSTANT_CONVERSION = YES;
				CLANG_WARN_DEPRECATED_OBJC_IMPLEMENTATIONS = YES;
				CLANG_WARN_DIRECT_OBJC_ISA_USAGE = YES_ERROR;
				CLANG_WARN_DOCUMENTATION_COMMENTS = YES;
				CLANG_WARN_EMPTY_BODY = YES;
				CLANG_WARN_ENUM_CONVERSION = YES;
				CLANG_WARN_INFINITE_RECURSION = YES;
				CLANG_WARN_INT_CONVERSION = YES;
				CLANG_WARN_NON_LITERAL_NULL_CONVERSION = YES;
				CLANG_WARN_OBJC_IMPLICIT_RETAIN_SELF = YES;
				CLANG_WARN_OBJC_LITERAL_CONVERSION = YES;
				CLANG_WARN_OBJC_ROOT_CLASS = YES_ERROR;
				CLANG_WARN_QUOTED_INCLUDE_IN_FRAMEWORK_HEADER = YES;
				CLANG_WARN_RANGE_LOOP_ANALYSIS = YES;
				CLANG_WARN_STRICT_PROTOTYPES = YES;
				CLANG_WARN_SUSPICIOUS_MOVE = YES;
				CLANG_WARN_UNGUARDED_AVAILABILITY = YES_AGGRESSIVE;
				CLANG_WARN_UNREACHABLE_CODE = YES;
				CLANG_WARN__DUPLICATE_METHOD_MATCH = YES;
				COPY_PHASE_STRIP = NO;
				DEBUG_INFORMATION_FORMAT = "dwarf-with-dsym";
				ENABLE_NS_ASSERTIONS = NO;
				ENABLE_STRICT_OBJC_MSGSEND = YES;
				ENABLE_USER_SCRIPT_SANDBOXING = YES;
				GCC_C_LANGUAGE_STANDARD = gnu17;
				GCC_NO_COMMON_BLOCKS = YES;
				GCC_WARN_64_TO_32_BIT_CONVERSION = YES;
				GCC_WARN_ABOUT_RETURN_TYPE = YES_ERROR;
				GCC_WARN_UNDECLARED_SELECTOR = YES;
				GCC_WARN_UNINITIALIZED_AUTOS = YES_AGGRESSIVE;
				GCC_WARN_UNUSED_FUNCTION = YES;
				GCC_WARN_UNUSED_VARIABLE = YES;
				IPHONEOS_DEPLOYMENT_TARGET = 17.4;
				LOCALIZATION_PREFERS_STRING_CATALOGS = YES;
				MTL_ENABLE_DEBUG_INFO = NO;
				MTL_FAST_MATH = YES;
				SDKROOT = iphoneos;
				SWIFT_COMPILATION_MODE = wholemodule;
				VALIDATE_PRODUCT = YES;
			};
			name = Release;
		};
		B554317E2BCBCA130064B813 /* Debug */ = {
			isa = XCBuildConfiguration;
			buildSettings = {
				ASSETCATALOG_COMPILER_APPICON_NAME = AppIcon;
				ASSETCATALOG_COMPILER_GLOBAL_ACCENT_COLOR_NAME = AccentColor;
				CODE_SIGN_STYLE = Automatic;
				CURRENT_PROJECT_VERSION = 1;
				DEVELOPMENT_TEAM = M82N55553U;
				GENERATE_INFOPLIST_FILE = YES;
				INFOPLIST_FILE = ShowMoney/Info.plist;
				INFOPLIST_KEY_UIApplicationSupportsIndirectInputEvents = YES;
				INFOPLIST_KEY_UILaunchStoryboardName = LaunchScreen;
				INFOPLIST_KEY_UISupportedInterfaceOrientations_iPad = "UIInterfaceOrientationPortrait UIInterfaceOrientationPortraitUpsideDown UIInterfaceOrientationLandscapeLeft UIInterfaceOrientationLandscapeRight";
				INFOPLIST_KEY_UISupportedInterfaceOrientations_iPhone = "UIInterfaceOrientationPortrait UIInterfaceOrientationLandscapeLeft UIInterfaceOrientationLandscapeRight";
				LD_RUNPATH_SEARCH_PATHS = (
					"$(inherited)",
					"@executable_path/Frameworks",
				);
				MARKETING_VERSION = 1.0;
				PRODUCT_BUNDLE_IDENTIFIER = minjae.ShowMoney;
				PRODUCT_NAME = "$(TARGET_NAME)";
				SWIFT_EMIT_LOC_STRINGS = YES;
				SWIFT_VERSION = 5.0;
				TARGETED_DEVICE_FAMILY = "1,2";
			};
			name = Debug;
		};
		B554317F2BCBCA130064B813 /* Release */ = {
			isa = XCBuildConfiguration;
			buildSettings = {
				ASSETCATALOG_COMPILER_APPICON_NAME = AppIcon;
				ASSETCATALOG_COMPILER_GLOBAL_ACCENT_COLOR_NAME = AccentColor;
				CODE_SIGN_STYLE = Automatic;
				CURRENT_PROJECT_VERSION = 1;
				DEVELOPMENT_TEAM = M82N55553U;
				GENERATE_INFOPLIST_FILE = YES;
				INFOPLIST_FILE = ShowMoney/Info.plist;
				INFOPLIST_KEY_UIApplicationSupportsIndirectInputEvents = YES;
				INFOPLIST_KEY_UILaunchStoryboardName = LaunchScreen;
				INFOPLIST_KEY_UISupportedInterfaceOrientations_iPad = "UIInterfaceOrientationPortrait UIInterfaceOrientationPortraitUpsideDown UIInterfaceOrientationLandscapeLeft UIInterfaceOrientationLandscapeRight";
				INFOPLIST_KEY_UISupportedInterfaceOrientations_iPhone = "UIInterfaceOrientationPortrait UIInterfaceOrientationLandscapeLeft UIInterfaceOrientationLandscapeRight";
				LD_RUNPATH_SEARCH_PATHS = (
					"$(inherited)",
					"@executable_path/Frameworks",
				);
				MARKETING_VERSION = 1.0;
				PRODUCT_BUNDLE_IDENTIFIER = minjae.ShowMoney;
				PRODUCT_NAME = "$(TARGET_NAME)";
				SWIFT_EMIT_LOC_STRINGS = YES;
				SWIFT_VERSION = 5.0;
				TARGETED_DEVICE_FAMILY = "1,2";
			};
			name = Release;
		};
		B55431812BCBCA130064B813 /* Debug */ = {
			isa = XCBuildConfiguration;
			buildSettings = {
				ALWAYS_EMBED_SWIFT_STANDARD_LIBRARIES = YES;
				BUNDLE_LOADER = "$(TEST_HOST)";
				CODE_SIGN_STYLE = Automatic;
				CURRENT_PROJECT_VERSION = 1;
				DEVELOPMENT_TEAM = M82N55553U;
				GENERATE_INFOPLIST_FILE = YES;
				IPHONEOS_DEPLOYMENT_TARGET = 17.4;
				MARKETING_VERSION = 1.0;
				PRODUCT_BUNDLE_IDENTIFIER = minjae.ShowMoneyTests;
				PRODUCT_NAME = "$(TARGET_NAME)";
				SWIFT_EMIT_LOC_STRINGS = NO;
				SWIFT_VERSION = 5.0;
				TARGETED_DEVICE_FAMILY = "1,2";
				TEST_HOST = "$(BUILT_PRODUCTS_DIR)/ShowMoney.app/$(BUNDLE_EXECUTABLE_FOLDER_PATH)/ShowMoney";
			};
			name = Debug;
		};
		B55431822BCBCA130064B813 /* Release */ = {
			isa = XCBuildConfiguration;
			buildSettings = {
				ALWAYS_EMBED_SWIFT_STANDARD_LIBRARIES = YES;
				BUNDLE_LOADER = "$(TEST_HOST)";
				CODE_SIGN_STYLE = Automatic;
				CURRENT_PROJECT_VERSION = 1;
				DEVELOPMENT_TEAM = M82N55553U;
				GENERATE_INFOPLIST_FILE = YES;
				IPHONEOS_DEPLOYMENT_TARGET = 17.4;
				MARKETING_VERSION = 1.0;
				PRODUCT_BUNDLE_IDENTIFIER = minjae.ShowMoneyTests;
				PRODUCT_NAME = "$(TARGET_NAME)";
				SWIFT_EMIT_LOC_STRINGS = NO;
				SWIFT_VERSION = 5.0;
				TARGETED_DEVICE_FAMILY = "1,2";
				TEST_HOST = "$(BUILT_PRODUCTS_DIR)/ShowMoney.app/$(BUNDLE_EXECUTABLE_FOLDER_PATH)/ShowMoney";
			};
			name = Release;
		};
		B55431842BCBCA130064B813 /* Debug */ = {
			isa = XCBuildConfiguration;
			buildSettings = {
				ALWAYS_EMBED_SWIFT_STANDARD_LIBRARIES = YES;
				CODE_SIGN_STYLE = Automatic;
				CURRENT_PROJECT_VERSION = 1;
				DEVELOPMENT_TEAM = M82N55553U;
				GENERATE_INFOPLIST_FILE = YES;
				MARKETING_VERSION = 1.0;
				PRODUCT_BUNDLE_IDENTIFIER = minjae.ShowMoneyUITests;
				PRODUCT_NAME = "$(TARGET_NAME)";
				SWIFT_EMIT_LOC_STRINGS = NO;
				SWIFT_VERSION = 5.0;
				TARGETED_DEVICE_FAMILY = "1,2";
				TEST_TARGET_NAME = ShowMoney;
			};
			name = Debug;
		};
		B55431852BCBCA130064B813 /* Release */ = {
			isa = XCBuildConfiguration;
			buildSettings = {
				ALWAYS_EMBED_SWIFT_STANDARD_LIBRARIES = YES;
				CODE_SIGN_STYLE = Automatic;
				CURRENT_PROJECT_VERSION = 1;
				DEVELOPMENT_TEAM = M82N55553U;
				GENERATE_INFOPLIST_FILE = YES;
				MARKETING_VERSION = 1.0;
				PRODUCT_BUNDLE_IDENTIFIER = minjae.ShowMoneyUITests;
				PRODUCT_NAME = "$(TARGET_NAME)";
				SWIFT_EMIT_LOC_STRINGS = NO;
				SWIFT_VERSION = 5.0;
				TARGETED_DEVICE_FAMILY = "1,2";
				TEST_TARGET_NAME = ShowMoney;
			};
			name = Release;
		};
/* End XCBuildConfiguration section */

/* Begin XCConfigurationList section */
		B554314E2BCBCA110064B813 /* Build configuration list for PBXProject "ShowMoney" */ = {
			isa = XCConfigurationList;
			buildConfigurations = (
				B554317B2BCBCA130064B813 /* Debug */,
				B554317C2BCBCA130064B813 /* Release */,
			);
			defaultConfigurationIsVisible = 0;
			defaultConfigurationName = Release;
		};
		B554317D2BCBCA130064B813 /* Build configuration list for PBXNativeTarget "ShowMoney" */ = {
			isa = XCConfigurationList;
			buildConfigurations = (
				B554317E2BCBCA130064B813 /* Debug */,
				B554317F2BCBCA130064B813 /* Release */,
			);
			defaultConfigurationIsVisible = 0;
			defaultConfigurationName = Release;
		};
		B55431802BCBCA130064B813 /* Build configuration list for PBXNativeTarget "ShowMoneyTests" */ = {
			isa = XCConfigurationList;
			buildConfigurations = (
				B55431812BCBCA130064B813 /* Debug */,
				B55431822BCBCA130064B813 /* Release */,
			);
			defaultConfigurationIsVisible = 0;
			defaultConfigurationName = Release;
		};
		B55431832BCBCA130064B813 /* Build configuration list for PBXNativeTarget "ShowMoneyUITests" */ = {
			isa = XCConfigurationList;
			buildConfigurations = (
				B55431842BCBCA130064B813 /* Debug */,
				B55431852BCBCA130064B813 /* Release */,
			);
			defaultConfigurationIsVisible = 0;
			defaultConfigurationName = Release;
		};
/* End XCConfigurationList section */
	};
	rootObject = B554314B2BCBCA110064B813 /* Project object */;
}
